
Microsoft Visual Studio Solution File, Format Version 12.00
# Visual Studio Version 16
VisualStudioVersion = 16.0.31702.278
MinimumVisualStudioVersion = 10.0.40219.1
Project("{9A19103F-16F7-4668-BE54-9A1E7A4F7556}") = "api", "api.csproj", "{DBE387AA-6175-497F-9F68-D75AABD4EBD4}"
EndProject
Global
	GlobalSection(SolutionConfigurationPlatforms) = preSolution
		Debug|Any CPU = Debug|Any CPU
		Release|Any CPU = Release|Any CPU
	EndGlobalSection
	GlobalSection(ProjectConfigurationPlatforms) = postSolution
		{DBE387AA-6175-497F-9F68-D75AABD4EBD4}.Debug|Any CPU.ActiveCfg = Debug|Any CPU
		{DBE387AA-6175-497F-9F68-D75AABD4EBD4}.Debug|Any CPU.Build.0 = Debug|Any CPU
		{DBE387AA-6175-497F-9F68-D75AABD4EBD4}.Release|Any CPU.ActiveCfg = Release|Any CPU
		{DBE387AA-6175-497F-9F68-D75AABD4EBD4}.Release|Any CPU.Build.0 = Release|Any CPU
	EndGlobalSection
	GlobalSection(SolutionProperties) = preSolution
		HideSolutionNode = FALSE
	EndGlobalSection
	GlobalSection(ExtensibilityGlobals) = postSolution
		SolutionGuid = {F05BC7BC-84D4-4009-B72E-FA4855A67C70}
	EndGlobalSection
EndGlobal
